{
  "name": "kintaikun",
  "version": "0.0.1",
  "lockfileVersion": 1,
  "requires": true,
  "dependencies": {
    "jquery": {
      "version": "1.9.1",
      "resolved": "https://registry.npmjs.org/jquery/-/jquery-1.9.1.tgz",
      "integrity": "sha1-5M1INfqu+63lNYV2E8D8P/KtrzQ="
    },
    "jquery-ujs": {
      "version": "1.2.2",
      "resolved": "https://registry.npmjs.org/jquery-ujs/-/jquery-ujs-1.2.2.tgz",
      "integrity": "sha1-ao7xAg5rbdo4W5CkvdwSjCHFY5c=",
      "requires": {
        "jquery": ">=1.8.0"
      }
    }
  }
}
